Microsoft Visual Studio Solution File, Format Version 8.00
Project("{FAE04EC0-301F-11D3-BF4B-00C04F79EFBC}") = "WindowsApplication7", "WindowsApplication7.csproj", "{845932D6-1B06-450B-9486-0A602FD47738}"
	ProjectSection(ProjectDependencies) = postProject
	EndProjectSection
EndProject
Global
	GlobalSection(SolutionConfiguration) = preSolution
		Debug = Debug
		Release = Release
	EndGlobalSection
	GlobalSection(ProjectDependencies) = postSolution
	EndGlobalSection
	GlobalSection(ProjectConfiguration) = postSolution
		{845932D6-1B06-450B-9486-0A602FD47738}.Debug.ActiveCfg = Debug|.NET
		{845932D6-1B06-450B-9486-0A602FD47738}.Debug.Build.0 = Debug|.NET
		{845932D6-1B06-450B-9486-0A602FD47738}.Release.ActiveCfg = Release|.NET
		{845932D6-1B06-450B-9486-0A602FD47738}.Release.Build.0 = Release|.NET
	EndGlobalSection
	GlobalSection(ExtensibilityGlobals) = postSolution
	EndGlobalSection
	GlobalSection(ExtensibilityAddIns) = postSolution
	EndGlobalSection
EndGlobal
