Microsoft Visual Studio Solution File, Format Version 8.00
Project("{8BC9CEB8-8B4A-11D0-8D11-00A0C91BC942}") = "PictureExDemo", "PictureExDemo.vcproj", "{87BF4C49-06ED-4871-9D0E-53F03A8AF18C}"
	ProjectSection(ProjectDependencies) = postProject
	EndProjectSection
EndProject
Global
	GlobalSection(SolutionConfiguration) = preSolution
		Debug = Debug
		Release = Release
	EndGlobalSection
	GlobalSection(ProjectDependencies) = postSolution
	EndGlobalSection
	GlobalSection(ProjectConfiguration) = postSolution
		{87BF4C49-06ED-4871-9D0E-53F03A8AF18C}.Debug.ActiveCfg = Debug|Win32
		{87BF4C49-06ED-4871-9D0E-53F03A8AF18C}.Debug.Build.0 = Debug|Win32
		{87BF4C49-06ED-4871-9D0E-53F03A8AF18C}.Release.ActiveCfg = Release|Win32
		{87BF4C49-06ED-4871-9D0E-53F03A8AF18C}.Release.Build.0 = Release|Win32
	EndGlobalSection
	GlobalSection(ExtensibilityGlobals) = postSolution
	EndGlobalSection
	GlobalSection(ExtensibilityAddIns) = postSolution
	EndGlobalSection
EndGlobal
