Microsoft Visual Studio Solution File, Format Version 8.00
Project("{8BC9CEB8-8B4A-11D0-8D11-00A0C91BC942}") = "test_h1", "test_h1.vcproj", "{BA7E2525-343D-4DF8-A1CE-50DBE720679C}"
	ProjectSection(ProjectDependencies) = postProject
	EndProjectSection
EndProject
Global
	GlobalSection(SolutionConfiguration) = preSolution
		Debug = Debug
		Release = Release
	EndGlobalSection
	GlobalSection(ProjectDependencies) = postSolution
	EndGlobalSection
	GlobalSection(ProjectConfiguration) = postSolution
		{BA7E2525-343D-4DF8-A1CE-50DBE720679C}.Debug.ActiveCfg = Debug|Win32
		{BA7E2525-343D-4DF8-A1CE-50DBE720679C}.Debug.Build.0 = Debug|Win32
		{BA7E2525-343D-4DF8-A1CE-50DBE720679C}.Release.ActiveCfg = Release|Win32
		{BA7E2525-343D-4DF8-A1CE-50DBE720679C}.Release.Build.0 = Release|Win32
	EndGlobalSection
	GlobalSection(ExtensibilityGlobals) = postSolution
	EndGlobalSection
	GlobalSection(ExtensibilityAddIns) = postSolution
	EndGlobalSection
EndGlobal
