Microsoft Visual Studio Solution File, Format Version 8.00
Project("{8BC9CEB8-8B4A-11D0-8D11-00A0C91BC942}") = "formatMsg", "formatMsg.vcproj", "{3C427B38-210D-4894-8C04-A3D39A74A561}"
	ProjectSection(ProjectDependencies) = postProject
	EndProjectSection
EndProject
Global
	GlobalSection(SolutionConfiguration) = preSolution
		Debug = Debug
		Release = Release
	EndGlobalSection
	GlobalSection(ProjectDependencies) = postSolution
	EndGlobalSection
	GlobalSection(ProjectConfiguration) = postSolution
		{3C427B38-210D-4894-8C04-A3D39A74A561}.Debug.ActiveCfg = Debug|Win32
		{3C427B38-210D-4894-8C04-A3D39A74A561}.Debug.Build.0 = Debug|Win32
		{3C427B38-210D-4894-8C04-A3D39A74A561}.Release.ActiveCfg = Release|Win32
		{3C427B38-210D-4894-8C04-A3D39A74A561}.Release.Build.0 = Release|Win32
	EndGlobalSection
	GlobalSection(ExtensibilityGlobals) = postSolution
	EndGlobalSection
	GlobalSection(ExtensibilityAddIns) = postSolution
	EndGlobalSection
EndGlobal
