Microsoft Visual Studio Solution File, Format Version 8.00
Project("{8BC9CEB8-8B4A-11D0-8D11-00A0C91BC942}") = "pann", "pann.vcproj", "{EB87FD3F-8E1D-41C7-AC47-8BE053EFB02C}"
	ProjectSection(ProjectDependencies) = postProject
	EndProjectSection
EndProject
Global
	GlobalSection(SolutionConfiguration) = preSolution
		Debug = Debug
		Release = Release
	EndGlobalSection
	GlobalSection(ProjectDependencies) = postSolution
	EndGlobalSection
	GlobalSection(ProjectConfiguration) = postSolution
		{EB87FD3F-8E1D-41C7-AC47-8BE053EFB02C}.Debug.ActiveCfg = Debug|Win32
		{EB87FD3F-8E1D-41C7-AC47-8BE053EFB02C}.Debug.Build.0 = Debug|Win32
		{EB87FD3F-8E1D-41C7-AC47-8BE053EFB02C}.Release.ActiveCfg = Release|Win32
		{EB87FD3F-8E1D-41C7-AC47-8BE053EFB02C}.Release.Build.0 = Release|Win32
	EndGlobalSection
	GlobalSection(ExtensibilityGlobals) = postSolution
	EndGlobalSection
	GlobalSection(ExtensibilityAddIns) = postSolution
	EndGlobalSection
EndGlobal
